
Microsoft Visual Studio Solution File, Format Version 12.00
# Visual Studio Version 17
VisualStudioVersion = 17.9.34622.214
MinimumVisualStudioVersion = 10.0.40219.1
Project("{FAE04EC0-301F-11D3-BF4B-00C04F79EFBC}") = "LibraryAppApi", "LibraryApp\LibraryAppApi.csproj", "{221966AE-C745-4524-8CE1-FB4AF05D9919}"
EndProject
Project("{FAE04EC0-301F-11D3-BF4B-00C04F79EFBC}") = "LibraryAppUI", "LibraryAppUI\LibraryAppUI.csproj", "{9BBA4E7C-2C68-4023-A8FC-82E88DAE646B}"
EndProject
Global
	GlobalSection(SolutionConfigurationPlatforms) = preSolution
		Debug|Any CPU = Debug|Any CPU
		Release|Any CPU = Release|Any CPU
	EndGlobalSection
	GlobalSection(ProjectConfigurationPlatforms) = postSolution
		{221966AE-C745-4524-8CE1-FB4AF05D9919}.Debug|Any CPU.ActiveCfg = Debug|Any CPU
		{221966AE-C745-4524-8CE1-FB4AF05D9919}.Debug|Any CPU.Build.0 = Debug|Any CPU
		{221966AE-C745-4524-8CE1-FB4AF05D9919}.Release|Any CPU.ActiveCfg = Release|Any CPU
		{221966AE-C745-4524-8CE1-FB4AF05D9919}.Release|Any CPU.Build.0 = Release|Any CPU
		{9BBA4E7C-2C68-4023-A8FC-82E88DAE646B}.Debug|Any CPU.ActiveCfg = Debug|Any CPU
		{9BBA4E7C-2C68-4023-A8FC-82E88DAE646B}.Debug|Any CPU.Build.0 = Debug|Any CPU
		{9BBA4E7C-2C68-4023-A8FC-82E88DAE646B}.Release|Any CPU.ActiveCfg = Release|Any CPU
		{9BBA4E7C-2C68-4023-A8FC-82E88DAE646B}.Release|Any CPU.Build.0 = Release|Any CPU
	EndGlobalSection
	GlobalSection(SolutionProperties) = preSolution
		HideSolutionNode = FALSE
	EndGlobalSection
	GlobalSection(ExtensibilityGlobals) = postSolution
		SolutionGuid = {DAB6D391-CC4E-4A0D-8177-AFC38DF1B60A}
	EndGlobalSection
EndGlobal
